<?xml version="1.0" encoding="utf-8"?>
<Project ToolsVersion="4.0" xmlns="http://schemas.microsoft.com/developer/msbuild/2003">
  <ItemGroup>
    <Filter Include="ソース ファイル">
      <UniqueIdentifier>{4FC737F1-C7A5-4376-A066-2A32D752A2FF}</UniqueIdentifier>
      <Extensions>cpp;c;cc;cxx;c++;cppm;ixx;def;odl;idl;hpj;bat;asm;asmx</Extensions>
    </Filter>
    <Filter Include="ヘッダー ファイル">
      <UniqueIdentifier>{93995380-89BD-4b04-88EB-625FBE52EBFB}</UniqueIdentifier>
      <Extensions>h;hh;hpp;hxx;h++;hm;inl;inc;ipp;xsd</Extensions>
    </Filter>
    <Filter Include="リソース ファイル">
      <UniqueIdentifier>{67DA6AB6-F800-4c08-8B7A-83BB121AAD01}</UniqueIdentifier>
      <Extensions>rc;ico;cur;bmp;dlg;rc2;rct;bin;rgs;gif;jpg;jpeg;jpe;resx;tiff;tif;png;wav;mfcribbon-ms</Extensions>
    </Filter>
    <Filter Include="ヘッダー ファイル\DesignPattern">
      <UniqueIdentifier>{ae27d88b-f609-4fe7-a01a-9e06cf474110}</UniqueIdentifier>
    </Filter>
    <Filter Include="ヘッダー ファイル\Field">
      <UniqueIdentifier>{e30f0ca3-2ca9-422e-83b3-905cc915208d}</UniqueIdentifier>
    </Filter>
    <Filter Include="ヘッダー ファイル\Mover">
      <UniqueIdentifier>{d5b19c30-e882-47cc-9191-2ca2500c5e94}</UniqueIdentifier>
    </Filter>
    <Filter Include="ヘッダー ファイル\Power">
      <UniqueIdentifier>{e03ef257-306f-49a7-931c-c246ef574067}</UniqueIdentifier>
    </Filter>
    <Filter Include="ヘッダー ファイル\Input">
      <UniqueIdentifier>{3ff040bc-4d33-49fb-9b10-a62845cadd77}</UniqueIdentifier>
    </Filter>
    <Filter Include="ヘッダー ファイル\Scene">
      <UniqueIdentifier>{dba31da9-d798-4b84-85bf-2b3baea3841e}</UniqueIdentifier>
    </Filter>
    <Filter Include="ヘッダー ファイル\Calculate">
      <UniqueIdentifier>{486618f1-10b7-493d-af5d-63f7deec2898}</UniqueIdentifier>
    </Filter>
    <Filter Include="ソース ファイル\Field">
      <UniqueIdentifier>{0d5ed387-fb44-4f96-8f56-5432c3ab4ae7}</UniqueIdentifier>
    </Filter>
    <Filter Include="ソース ファイル\Mover">
      <UniqueIdentifier>{a6d9a631-b5fd-48eb-8018-7aef4f72dd7d}</UniqueIdentifier>
    </Filter>
    <Filter Include="ソース ファイル\Power">
      <UniqueIdentifier>{683de466-763f-482c-a7ff-a1d737567c0f}</UniqueIdentifier>
    </Filter>
    <Filter Include="ソース ファイル\Input">
      <UniqueIdentifier>{93d0fc5a-81e0-4504-9956-b1be87a5cf14}</UniqueIdentifier>
    </Filter>
    <Filter Include="ソース ファイル\Scene">
      <UniqueIdentifier>{5f62341f-209d-4630-aa7b-d58c13cb77fd}</UniqueIdentifier>
    </Filter>
    <Filter Include="ソース ファイル\Calculate">
      <UniqueIdentifier>{0e6b163f-4db8-41e5-a9d2-c48353ccca57}</UniqueIdentifier>
    </Filter>
    <Filter Include="ソース ファイル\Effect">
      <UniqueIdentifier>{091429ce-5268-4063-b3db-c9c7722d5778}</UniqueIdentifier>
    </Filter>
    <Filter Include="ヘッダー ファイル\Effect">
      <UniqueIdentifier>{e38bb079-f406-419b-910b-074cbd0b5b7f}</UniqueIdentifier>
    </Filter>
    <Filter Include="ソース ファイル\Mover\Enemy">
      <UniqueIdentifier>{4f4cd9d2-2d1c-47b9-811e-1e3f2f7aa2ec}</UniqueIdentifier>
    </Filter>
    <Filter Include="ヘッダー ファイル\Mover\Enemy">
      <UniqueIdentifier>{4fd23be8-b32b-4fd4-99c5-bc38a72c2caa}</UniqueIdentifier>
    </Filter>
    <Filter Include="ソース ファイル\Mover\Bullet">
      <UniqueIdentifier>{2e8b7a92-fcb8-4928-8fdb-cec817580aa4}</UniqueIdentifier>
    </Filter>
    <Filter Include="ヘッダー ファイル\Mover\Bullet">
      <UniqueIdentifier>{1bc5023a-8ce7-4f88-9c2b-e2807a009a48}</UniqueIdentifier>
    </Filter>
    <Filter Include="ヘッダー ファイル\Image">
      <UniqueIdentifier>{9114ac48-3420-4fd6-8806-5a42ffdd1888}</UniqueIdentifier>
    </Filter>
    <Filter Include="ソース ファイル\Image">
      <UniqueIdentifier>{fdafaef7-0f54-411b-a20b-a7017f682a20}</UniqueIdentifier>
    </Filter>
    <Filter Include="ソース ファイル\Mover\Shot">
      <UniqueIdentifier>{893b3a3e-9de1-41fe-ba48-b467176d3640}</UniqueIdentifier>
    </Filter>
    <Filter Include="ヘッダー ファイル\Mover\Shot">
      <UniqueIdentifier>{4f90a9ce-0755-4999-be64-0e0d7e3c26ed}</UniqueIdentifier>
    </Filter>
    <Filter Include="ソース ファイル\Status">
      <UniqueIdentifier>{9dc545b6-490e-44b0-b1aa-03b7e0d79d91}</UniqueIdentifier>
    </Filter>
    <Filter Include="ヘッダー ファイル\Status">
      <UniqueIdentifier>{34e3fe84-fb88-4337-8ef4-94a6b0fbb891}</UniqueIdentifier>
    </Filter>
    <Filter Include="ソース ファイル\Costume">
      <UniqueIdentifier>{29a80957-20e8-4503-b581-5f72ae2c1757}</UniqueIdentifier>
    </Filter>
    <Filter Include="ヘッダー ファイル\Costume">
      <UniqueIdentifier>{7bd285f5-8cbb-4de5-82c7-cb967dbd8309}</UniqueIdentifier>
    </Filter>
  </ItemGroup>
  <ItemGroup>
    <ClCompile Include="main.cpp">
      <Filter>ソース ファイル</Filter>
    </ClCompile>
    <ClCompile Include="CMenuSelecter.cpp">
      <Filter>ソース ファイル</Filter>
    </ClCompile>
    <ClCompile Include="Singleton.cpp">
      <Filter>ソース ファイル</Filter>
    </ClCompile>
    <ClCompile Include="CField.cpp">
      <Filter>ソース ファイル\Field</Filter>
    </ClCompile>
    <ClCompile Include="CField_Grass.cpp">
      <Filter>ソース ファイル\Field</Filter>
    </ClCompile>
    <ClCompile Include="CField_IceFloor.cpp">
      <Filter>ソース ファイル\Field</Filter>
    </ClCompile>
    <ClCompile Include="CField_Wall.cpp">
      <Filter>ソース ファイル\Field</Filter>
    </ClCompile>
    <ClCompile Include="CFieldParent.cpp">
      <Filter>ソース ファイル\Field</Filter>
    </ClCompile>
    <ClCompile Include="CMover.cpp">
      <Filter>ソース ファイル\Mover</Filter>
    </ClCompile>
    <ClCompile Include="CMover_Player.cpp">
      <Filter>ソース ファイル\Mover</Filter>
    </ClCompile>
    <ClCompile Include="CMoverParent.cpp">
      <Filter>ソース ファイル\Mover</Filter>
    </ClCompile>
    <ClCompile Include="CPower.cpp">
      <Filter>ソース ファイル\Power</Filter>
    </ClCompile>
    <ClCompile Include="CPower_Line.cpp">
      <Filter>ソース ファイル\Power</Filter>
    </ClCompile>
    <ClCompile Include="CPowerParent.cpp">
      <Filter>ソース ファイル\Power</Filter>
    </ClCompile>
    <ClCompile Include="CKeyInputManager.cpp">
      <Filter>ソース ファイル\Input</Filter>
    </ClCompile>
    <ClCompile Include="CControllerFactory.cpp">
      <Filter>ソース ファイル\Input</Filter>
    </ClCompile>
    <ClCompile Include="CSTGInputManager.cpp">
      <Filter>ソース ファイル\Input</Filter>
    </ClCompile>
    <ClCompile Include="KeyManager.cpp">
      <Filter>ソース ファイル\Input</Filter>
    </ClCompile>
    <ClCompile Include="Scene_Abstract.cpp">
      <Filter>ソース ファイル\Scene</Filter>
    </ClCompile>
    <ClCompile Include="SceneManager.cpp">
      <Filter>ソース ファイル\Scene</Filter>
    </ClCompile>
    <ClCompile Include="CVector.cpp">
      <Filter>ソース ファイル\Calculate</Filter>
    </ClCompile>
    <ClCompile Include="Constant.cpp">
      <Filter>ソース ファイル\Calculate</Filter>
    </ClCompile>
    <ClCompile Include="CMapEditor.cpp">
      <Filter>ソース ファイル\Scene</Filter>
    </ClCompile>
    <ClCompile Include="Clooper.cpp">
      <Filter>ソース ファイル\Scene</Filter>
    </ClCompile>
    <ClCompile Include="CFieldHolder.cpp">
      <Filter>ソース ファイル\Field</Filter>
    </ClCompile>
    <ClCompile Include="CFieldFactory.cpp">
      <Filter>ソース ファイル\Field</Filter>
    </ClCompile>
    <ClCompile Include="CAttribute.cpp">
      <Filter>ソース ファイル\Status</Filter>
    </ClCompile>
    <ClCompile Include="CGameMediator.cpp">
      <Filter>ソース ファイル\Scene</Filter>
    </ClCompile>
    <ClCompile Include="CEffect.cpp">
      <Filter>ソース ファイル\Effect</Filter>
    </ClCompile>
    <ClCompile Include="CEffect_DamageNumber.cpp">
      <Filter>ソース ファイル\Effect</Filter>
    </ClCompile>
    <ClCompile Include="CEffectParent.cpp">
      <Filter>ソース ファイル\Effect</Filter>
    </ClCompile>
    <ClCompile Include="CField_Wall_Tree.cpp">
      <Filter>ソース ファイル\Field</Filter>
    </ClCompile>
    <ClCompile Include="CMover_Enemy.cpp">
      <Filter>ソース ファイル\Mover\Enemy</Filter>
    </ClCompile>
    <ClCompile Include="CMover_Enemy_Bud.cpp">
      <Filter>ソース ファイル\Mover\Enemy</Filter>
    </ClCompile>
    <ClCompile Include="CMover_BulletBase.cpp">
      <Filter>ソース ファイル\Mover\Bullet</Filter>
    </ClCompile>
    <ClCompile Include="CMover_Bullet_Corn.cpp">
      <Filter>ソース ファイル\Mover\Bullet</Filter>
    </ClCompile>
    <ClCompile Include="CDrawGraphFReserve.cpp">
      <Filter>ソース ファイル\Image</Filter>
    </ClCompile>
    <ClCompile Include="CDrawGraphReserve.cpp">
      <Filter>ソース ファイル\Image</Filter>
    </ClCompile>
    <ClCompile Include="CImage.cpp">
      <Filter>ソース ファイル\Image</Filter>
    </ClCompile>
    <ClCompile Include="CImageManager.cpp">
      <Filter>ソース ファイル\Image</Filter>
    </ClCompile>
    <ClCompile Include="CNumberDrawer.cpp">
      <Filter>ソース ファイル\Image</Filter>
    </ClCompile>
    <ClCompile Include="IRenderReserve.cpp">
      <Filter>ソース ファイル\Image</Filter>
    </ClCompile>
    <ClCompile Include="CDrawRotaGraphReserve.cpp">
      <Filter>ソース ファイル\Image</Filter>
    </ClCompile>
    <ClCompile Include="CDrawRotaGraphFReserve.cpp">
      <Filter>ソース ファイル\Image</Filter>
    </ClCompile>
    <ClCompile Include="CRenderReserveList.cpp">
      <Filter>ソース ファイル\Image</Filter>
    </ClCompile>
    <ClCompile Include="CMover_ShotBase.cpp">
      <Filter>ソース ファイル\Mover\Shot</Filter>
    </ClCompile>
    <ClCompile Include="CMover_Shot_Uniform_Homing.cpp">
      <Filter>ソース ファイル\Mover\Shot</Filter>
    </ClCompile>
    <ClCompile Include="CStatus.cpp">
      <Filter>ソース ファイル\Status</Filter>
    </ClCompile>
    <ClCompile Include="CCosutumeBase.cpp">
      <Filter>ソース ファイル\Costume</Filter>
    </ClCompile>
    <ClCompile Include="CEffect_BulletDelete.cpp">
      <Filter>ソース ファイル\Effect</Filter>
    </ClCompile>
    <ClCompile Include="CDrawRotaGraphFwithBlendReserve.cpp">
      <Filter>ソース ファイル\Image</Filter>
    </ClCompile>
    <ClCompile Include="CEffect_MoneyNumber.cpp">
      <Filter>ソース ファイル\Effect</Filter>
    </ClCompile>
    <ClCompile Include="CCostume_Uniform.cpp">
      <Filter>ソース ファイル\Costume</Filter>
    </ClCompile>
    <ClCompile Include="CDrawModiWithBlend.cpp">
      <Filter>ソース ファイル\Image</Filter>
    </ClCompile>
    <ClCompile Include="CField_Wall_Log.cpp">
      <Filter>ソース ファイル\Field</Filter>
    </ClCompile>
    <ClCompile Include="CDrawCircleGauge.cpp">
      <Filter>ソース ファイル\Image</Filter>
    </ClCompile>
    <ClCompile Include="CMover_Shot_Uniform_StrongMagic.cpp">
      <Filter>ソース ファイル\Mover\Shot</Filter>
    </ClCompile>
    <ClCompile Include="CAnchor.cpp">
      <Filter>ソース ファイル</Filter>
    </ClCompile>
    <ClCompile Include="CField_Wall_WoodFence.cpp">
      <Filter>ソース ファイル\Field</Filter>
    </ClCompile>
    <ClCompile Include="CField_Error.cpp">
      <Filter>ソース ファイル\Field</Filter>
    </ClCompile>
    <ClCompile Include="CField_Void.cpp">
      <Filter>ソース ファイル</Filter>
    </ClCompile>
    <ClCompile Include="CMover_Enemy_Shimaenaga.cpp">
      <Filter>ソース ファイル\Mover\Enemy</Filter>
    </ClCompile>
  </ItemGroup>
  <ItemGroup>
    <ClInclude Include="CMenuSelecter.h">
      <Filter>ヘッダー ファイル</Filter>
    </ClInclude>
    <ClInclude Include="Fps.h">
      <Filter>ヘッダー ファイル</Filter>
    </ClInclude>
    <ClInclude Include="Singleton.h">
      <Filter>ヘッダー ファイル</Filter>
    </ClInclude>
    <ClInclude Include="CMediator.h">
      <Filter>ヘッダー ファイル\DesignPattern</Filter>
    </ClInclude>
    <ClInclude Include="CParts.h">
      <Filter>ヘッダー ファイル\DesignPattern</Filter>
    </ClInclude>
    <ClInclude Include="CField.h">
      <Filter>ヘッダー ファイル\Field</Filter>
    </ClInclude>
    <ClInclude Include="CField_Grass.h">
      <Filter>ヘッダー ファイル\Field</Filter>
    </ClInclude>
    <ClInclude Include="CField_IceFloor.h">
      <Filter>ヘッダー ファイル\Field</Filter>
    </ClInclude>
    <ClInclude Include="CField_Wall.h">
      <Filter>ヘッダー ファイル\Field</Filter>
    </ClInclude>
    <ClInclude Include="CFieldParent.h">
      <Filter>ヘッダー ファイル\Field</Filter>
    </ClInclude>
    <ClInclude Include="CMover_Player.h">
      <Filter>ヘッダー ファイル\Mover</Filter>
    </ClInclude>
    <ClInclude Include="CMoverParent.h">
      <Filter>ヘッダー ファイル\Mover</Filter>
    </ClInclude>
    <ClInclude Include="CPower.h">
      <Filter>ヘッダー ファイル\Power</Filter>
    </ClInclude>
    <ClInclude Include="CPower_Line.h">
      <Filter>ヘッダー ファイル\Power</Filter>
    </ClInclude>
    <ClInclude Include="CPowerParent.h">
      <Filter>ヘッダー ファイル\Power</Filter>
    </ClInclude>
    <ClInclude Include="CSTGInputManager.h">
      <Filter>ヘッダー ファイル\Input</Filter>
    </ClInclude>
    <ClInclude Include="include_InputManagers.h">
      <Filter>ヘッダー ファイル\Input</Filter>
    </ClInclude>
    <ClInclude Include="KeyManager.h">
      <Filter>ヘッダー ファイル\Input</Filter>
    </ClInclude>
    <ClInclude Include="CKeyInputManager.h">
      <Filter>ヘッダー ファイル\Input</Filter>
    </ClInclude>
    <ClInclude Include="CControllerFactory.h">
      <Filter>ヘッダー ファイル\Input</Filter>
    </ClInclude>
    <ClInclude Include="Scene_Abstract.h">
      <Filter>ヘッダー ファイル\Scene</Filter>
    </ClInclude>
    <ClInclude Include="SceneManager.h">
      <Filter>ヘッダー ファイル\Scene</Filter>
    </ClInclude>
    <ClInclude Include="Constant.h">
      <Filter>ヘッダー ファイル\Calculate</Filter>
    </ClInclude>
    <ClInclude Include="CVector.h">
      <Filter>ヘッダー ファイル\Calculate</Filter>
    </ClInclude>
    <ClInclude Include="Clooper.h">
      <Filter>ヘッダー ファイル\Scene</Filter>
    </ClInclude>
    <ClInclude Include="CMapEditor.h">
      <Filter>ヘッダー ファイル\Scene</Filter>
    </ClInclude>
    <ClInclude Include="CFieldHolder.h">
      <Filter>ヘッダー ファイル\Field</Filter>
    </ClInclude>
    <ClInclude Include="CFieldFactory.h">
      <Filter>ヘッダー ファイル\Field</Filter>
    </ClInclude>
    <ClInclude Include="CAttribute.h">
      <Filter>ヘッダー ファイル\Status</Filter>
    </ClInclude>
    <ClInclude Include="CGameMediator.h">
      <Filter>ヘッダー ファイル\Scene</Filter>
    </ClInclude>
    <ClInclude Include="CEffect.h">
      <Filter>ヘッダー ファイル\Effect</Filter>
    </ClInclude>
    <ClInclude Include="CEffect_DamageNumber.h">
      <Filter>ヘッダー ファイル\Effect</Filter>
    </ClInclude>
    <ClInclude Include="CEffectParent.h">
      <Filter>ヘッダー ファイル\Effect</Filter>
    </ClInclude>
    <ClInclude Include="CField_Wall_Tree.h">
      <Filter>ヘッダー ファイル\Field</Filter>
    </ClInclude>
    <ClInclude Include="CMover_Enemy.h">
      <Filter>ヘッダー ファイル\Mover\Enemy</Filter>
    </ClInclude>
    <ClInclude Include="CMover_Enemy_Bud.h">
      <Filter>ヘッダー ファイル\Mover\Enemy</Filter>
    </ClInclude>
    <ClInclude Include="CMover_BulletBase.h">
      <Filter>ヘッダー ファイル\Mover\Bullet</Filter>
    </ClInclude>
    <ClInclude Include="CMover_Bullet_Corn.h">
      <Filter>ヘッダー ファイル\Mover\Bullet</Filter>
    </ClInclude>
    <ClInclude Include="CImageManager.h">
      <Filter>ヘッダー ファイル\Image</Filter>
    </ClInclude>
    <ClInclude Include="CImage.h">
      <Filter>ヘッダー ファイル\Image</Filter>
    </ClInclude>
    <ClInclude Include="CDrawGraphReserve.h">
      <Filter>ヘッダー ファイル\Image</Filter>
    </ClInclude>
    <ClInclude Include="CNumberDrawer.h">
      <Filter>ヘッダー ファイル\Image</Filter>
    </ClInclude>
    <ClInclude Include="IRenderReserve.h">
      <Filter>ヘッダー ファイル\Image</Filter>
    </ClInclude>
    <ClInclude Include="CDrawGraphFReserve.h">
      <Filter>ヘッダー ファイル\Image</Filter>
    </ClInclude>
    <ClInclude Include="CDrawRotaGraphFReserve.h">
      <Filter>ヘッダー ファイル\Image</Filter>
    </ClInclude>
    <ClInclude Include="CDrawRotaGraphReserve.h">
      <Filter>ヘッダー ファイル\Image</Filter>
    </ClInclude>
    <ClInclude Include="CRenderReserveList.h">
      <Filter>ヘッダー ファイル\Image</Filter>
    </ClInclude>
    <ClInclude Include="CMover_ShotBase.h">
      <Filter>ヘッダー ファイル\Mover\Shot</Filter>
    </ClInclude>
    <ClInclude Include="CMover_Shot_Uniform_Homing.h">
      <Filter>ヘッダー ファイル\Mover\Shot</Filter>
    </ClInclude>
    <ClInclude Include="CStatus.h">
      <Filter>ヘッダー ファイル\Status</Filter>
    </ClInclude>
    <ClInclude Include="CCosutumeBase.h">
      <Filter>ヘッダー ファイル\Costume</Filter>
    </ClInclude>
    <ClInclude Include="CMover.h">
      <Filter>ヘッダー ファイル\Mover</Filter>
    </ClInclude>
    <ClInclude Include="CEffect_BulletDelete.h">
      <Filter>ヘッダー ファイル\Effect</Filter>
    </ClInclude>
    <ClInclude Include="CDrawRotaGraphFwithBlendReserve.h">
      <Filter>ヘッダー ファイル\Image</Filter>
    </ClInclude>
    <ClInclude Include="CEffect_MoneyNumber.h">
      <Filter>ヘッダー ファイル\Effect</Filter>
    </ClInclude>
    <ClInclude Include="CCostume_Uniform.h">
      <Filter>ヘッダー ファイル\Costume</Filter>
    </ClInclude>
    <ClInclude Include="CDrawModiWithBlend.h">
      <Filter>ヘッダー ファイル\Image</Filter>
    </ClInclude>
    <ClInclude Include="CField_Wall_Log.h">
      <Filter>ヘッダー ファイル\Field</Filter>
    </ClInclude>
    <ClInclude Include="CDrawCircleGauge.h">
      <Filter>ヘッダー ファイル\Image</Filter>
    </ClInclude>
    <ClInclude Include="CMover_Shot_Uniform_StrongMagic.h">
      <Filter>ヘッダー ファイル\Mover\Shot</Filter>
    </ClInclude>
    <ClInclude Include="CAnchor.h">
      <Filter>ヘッダー ファイル</Filter>
    </ClInclude>
    <ClInclude Include="CField_Error.h">
      <Filter>ヘッダー ファイル</Filter>
    </ClInclude>
    <ClInclude Include="CField_Wall_WoodFence.h">
      <Filter>ヘッダー ファイル</Filter>
    </ClInclude>
    <ClInclude Include="CField_Void.h">
      <Filter>ヘッダー ファイル</Filter>
    </ClInclude>
    <ClInclude Include="CMover_Enemy_Shimaenaga.h">
      <Filter>ヘッダー ファイル\Mover\Enemy</Filter>
    </ClInclude>
  </ItemGroup>
</Project>